dependencies:
- name: elasticsearch
  repository: https://helm.elastic.co
  version: 7.16.3
- name: filebeat
  repository: https://helm.elastic.co
  version: 7.16.3
- name: kibana
  repository: https://helm.elastic.co
  version: 7.16.3
- name: metricbeat
  repository: https://helm.elastic.co
  version: 7.16.3
digest: sha256:03480f7f7d8ed0d3b82ea9c924ecd12a91d0a70283a9aa2e37eed7aa809f54bd
generated: "2022-01-21T15:26:38.390706-07:00"
