dependencies:
- name: elasticsearch
  repository: https://helm.elastic.co
  version: 7.17.1
- name: filebeat
  repository: https://helm.elastic.co
  version: 7.17.1
- name: kibana
  repository: https://helm.elastic.co
  version: 7.17.1
- name: metricbeat
  repository: https://helm.elastic.co
  version: 7.17.1
digest: sha256:8167322f1dccf475eb4be9ee0a7059d00765ee71ba49fe1e1338139b3afae229
generated: "2022-03-17T12:11:04.264311-06:00"
